
Microsoft Visual Studio Solution File, Format Version 12.00
# Visual Studio Version 17
VisualStudioVersion = 17.2.32526.322
MinimumVisualStudioVersion = 10.0.40219.1
Project("{8BC9CEB8-8B4A-11D0-8D11-00A0C91BC942}") = "Milestone 2", "Milestone 2\Milestone 2.vcxproj", "{848FCA6E-0252-4A59-9939-D35287D46E5A}"
EndProject
Global
	GlobalSection(SolutionConfigurationPlatforms) = preSolution
		Debug|x64 = Debug|x64
		Debug|x86 = Debug|x86
		Release|x64 = Release|x64
		Release|x86 = Release|x86
	EndGlobalSection
	GlobalSection(ProjectConfigurationPlatforms) = postSolution
		{848FCA6E-0252-4A59-9939-D35287D46E5A}.Debug|x64.ActiveCfg = Debug|x64
		{848FCA6E-0252-4A59-9939-D35287D46E5A}.Debug|x64.Build.0 = Debug|x64
		{848FCA6E-0252-4A59-9939-D35287D46E5A}.Debug|x86.ActiveCfg = Debug|Win32
		{848FCA6E-0252-4A59-9939-D35287D46E5A}.Debug|x86.Build.0 = Debug|Win32
		{848FCA6E-0252-4A59-9939-D35287D46E5A}.Release|x64.ActiveCfg = Release|x64
		{848FCA6E-0252-4A59-9939-D35287D46E5A}.Release|x64.Build.0 = Release|x64
		{848FCA6E-0252-4A59-9939-D35287D46E5A}.Release|x86.ActiveCfg = Release|Win32
		{848FCA6E-0252-4A59-9939-D35287D46E5A}.Release|x86.Build.0 = Release|Win32
	EndGlobalSection
	GlobalSection(SolutionProperties) = preSolution
		HideSolutionNode = FALSE
	EndGlobalSection
	GlobalSection(ExtensibilityGlobals) = postSolution
		SolutionGuid = {DC1B95C7-E69F-4945-933E-42DD135D76B5}
	EndGlobalSection
EndGlobal
